
Microsoft Visual Studio Solution File, Format Version 12.00
# Visual Studio 15
VisualStudioVersion = 15.0.28307.168
MinimumVisualStudioVersion = 10.0.40219.1
Project("{8BC9CEB8-8B4A-11D0-8D11-00A0C91BC942}") = "ArraySquare", "ArraySquare\ArraySquare.vcxproj", "{337730EB-2349-41FC-B8C3-6E3394129182}"
EndProject
Global
	GlobalSection(SolutionConfigurationPlatforms) = preSolution
		Debug|x64 = Debug|x64
		Debug|x86 = Debug|x86
		Release|x64 = Release|x64
		Release|x86 = Release|x86
	EndGlobalSection
	GlobalSection(ProjectConfigurationPlatforms) = postSolution
		{337730EB-2349-41FC-B8C3-6E3394129182}.Debug|x64.ActiveCfg = Debug|x64
		{337730EB-2349-41FC-B8C3-6E3394129182}.Debug|x64.Build.0 = Debug|x64
		{337730EB-2349-41FC-B8C3-6E3394129182}.Debug|x86.ActiveCfg = Debug|Win32
		{337730EB-2349-41FC-B8C3-6E3394129182}.Debug|x86.Build.0 = Debug|Win32
		{337730EB-2349-41FC-B8C3-6E3394129182}.Release|x64.ActiveCfg = Release|x64
		{337730EB-2349-41FC-B8C3-6E3394129182}.Release|x64.Build.0 = Release|x64
		{337730EB-2349-41FC-B8C3-6E3394129182}.Release|x86.ActiveCfg = Release|Win32
		{337730EB-2349-41FC-B8C3-6E3394129182}.Release|x86.Build.0 = Release|Win32
	EndGlobalSection
	GlobalSection(SolutionProperties) = preSolution
		HideSolutionNode = FALSE
	EndGlobalSection
	GlobalSection(ExtensibilityGlobals) = postSolution
		SolutionGuid = {7F9EEB3B-9AB8-418C-B82D-E43C401A4B77}
	EndGlobalSection
EndGlobal
